// !$*UTF8*$!
{
	archiveVersion = 1;
	classes = {
	};
	objectVersion = 50;
	objects = {

/* Begin PBXBuildFile section */
		499EFC0922BFCB6300A10AFD /* AppDelegate.swift in Sources */ = {isa = PBXBuildFile; fileRef = 499EFC0822BFCB6300A10AFD /* AppDelegate.swift */; };
		499EFC0B22BFCB6300A10AFD /* ViewController.swift in Sources */ = {isa = PBXBuildFile; fileRef = 499EFC0A22BFCB6300A10AFD /* ViewController.swift */; };
		499EFC0E22BFCB6300A10AFD /* Main.storyboard in Resources */ = {isa = PBXBuildFile; fileRef = 499EFC0C22BFCB6300A10AFD /* Main.storyboard */; };
		499EFC1022BFCB6300A10AFD /* Assets.xcassets in Resources */ = {isa = PBXBuildFile; fileRef = 499EFC0F22BFCB6300A10AFD /* Assets.xcassets */; };
		499EFC1322BFCB6300A10AFD /* LaunchScreen.storyboard in Resources */ = {isa = PBXBuildFile; fileRef = 499EFC1122BFCB6300A10AFD /* LaunchScreen.storyboard */; };
		499EFC1B22BFCD5F00A10AFD /* MarvelCollectionViewCell.swift in Sources */ = {isa = PBXBuildFile; fileRef = 499EFC1A22BFCD5F00A10AFD /* MarvelCollectionViewCell.swift */; };
		499EFC1D22BFCE0B00A10AFD /* MarvelimageCollectionViewController.swift in Sources */ = {isa = PBXBuildFile; fileRef = 499EFC1C22BFCE0B00A10AFD /* MarvelimageCollectionViewController.swift */; };
		499EFC2122BFCEB700A10AFD /* heroDetailViewController.swift in Sources */ = {isa = PBXBuildFile; fileRef = 499EFC2022BFCEB700A10AFD /* heroDetailViewController.swift */; };
		499EFC2322BFCEE300A10AFD /* Marvelhero.swift in Sources */ = {isa = PBXBuildFile; fileRef = 499EFC2222BFCEE300A10AFD /* Marvelhero.swift */; };
		499EFC2522BFCF4200A10AFD /* MarvelTableViewController.swift in Sources */ = {isa = PBXBuildFile; fileRef = 499EFC2422BFCF4200A10AFD /* MarvelTableViewController.swift */; };
		49C262B822C26370006D810F /* LoverTableViewController.swift in Sources */ = {isa = PBXBuildFile; fileRef = 49C262B722C26370006D810F /* LoverTableViewController.swift */; };
		49C262BA22C263B1006D810F /* LoverTableViewCell.swift in Sources */ = {isa = PBXBuildFile; fileRef = 49C262B922C263B1006D810F /* LoverTableViewCell.swift */; };
		49C262BC22C26412006D810F /* Lover.swift in Sources */ = {isa = PBXBuildFile; fileRef = 49C262BB22C26412006D810F /* Lover.swift */; };
		49C262C022C26831006D810F /* EditLoverTableViewController.swift in Sources */ = {isa = PBXBuildFile; fileRef = 49C262BF22C26831006D810F /* EditLoverTableViewController.swift */; };
/* End PBXBuildFile section */

/* Begin PBXFileReference section */
		499EFC0522BFCB6300A10AFD /* IOSFINAL.app */ = {isa = PBXFileReference; explicitFileType = wrapper.application; includeInIndex = 0; path = IOSFINAL.app; sourceTree = BUILT_PRODUCTS_DIR; };
		499EFC0822BFCB6300A10AFD /* AppDelegate.swift */ = {isa = PBXFileReference; lastKnownFileType = sourcecode.swift; path = AppDelegate.swift; sourceTree = "<group>"; };
		499EFC0A22BFCB6300A10AFD /* ViewController.swift */ = {isa = PBXFileReference; lastKnownFileType = sourcecode.swift; path = ViewController.swift; sourceTree = "<group>"; };
		499EFC0D22BFCB6300A10AFD /* Base */ = {isa = PBXFileReference; lastKnownFileType = file.storyboard; name = Base; path = Base.lproj/Main.storyboard; sourceTree = "<group>"; };
		499EFC0F22BFCB6300A10AFD /* Assets.xcassets */ = {isa = PBXFileReference; lastKnownFileType = folder.assetcatalog; path = Assets.xcassets; sourceTree = "<group>"; };
		499EFC1222BFCB6300A10AFD /* Base */ = {isa = PBXFileReference; lastKnownFileType = file.storyboard; name = Base; path = Base.lproj/LaunchScreen.storyboard; sourceTree = "<group>"; };
		499EFC1422BFCB6300A10AFD /* Info.plist */ = {isa = PBXFileReference; lastKnownFileType = text.plist.xml; path = Info.plist; sourceTree = "<group>"; };
		499EFC1A22BFCD5F00A10AFD /* MarvelCollectionViewCell.swift */ = {isa = PBXFileReference; lastKnownFileType = sourcecode.swift; path = MarvelCollectionViewCell.swift; sourceTree = "<group>"; };
		499EFC1C22BFCE0B00A10AFD /* MarvelimageCollectionViewController.swift */ = {isa = PBXFileReference; lastKnownFileType = sourcecode.swift; path = MarvelimageCollectionViewController.swift; sourceTree = "<group>"; };
		499EFC2022BFCEB700A10AFD /* heroDetailViewController.swift */ = {isa = PBXFileReference; lastKnownFileType = sourcecode.swift; path = heroDetailViewController.swift; sourceTree = "<group>"; };
		499EFC2222BFCEE300A10AFD /* Marvelhero.swift */ = {isa = PBXFileReference; lastKnownFileType = sourcecode.swift; path = Marvelhero.swift; sourceTree = "<group>"; };
		499EFC2422BFCF4200A10AFD /* MarvelTableViewController.swift */ = {isa = PBXFileReference; lastKnownFileType = sourcecode.swift; path = MarvelTableViewController.swift; sourceTree = "<group>"; };
		49C262B722C26370006D810F /* LoverTableViewController.swift */ = {isa = PBXFileReference; lastKnownFileType = sourcecode.swift; path = LoverTableViewController.swift; sourceTree = "<group>"; };
		49C262B922C263B1006D810F /* LoverTableViewCell.swift */ = {isa = PBXFileReference; lastKnownFileType = sourcecode.swift; path = LoverTableViewCell.swift; sourceTree = "<group>"; };
		49C262BB22C26412006D810F /* Lover.swift */ = {isa = PBXFileReference; lastKnownFileType = sourcecode.swift; path = Lover.swift; sourceTree = "<group>"; };
		49C262BF22C26831006D810F /* EditLoverTableViewController.swift */ = {isa = PBXFileReference; lastKnownFileType = sourcecode.swift; path = EditLoverTableViewController.swift; sourceTree = "<group>"; };
/* End PBXFileReference section */

/* Begin PBXFrameworksBuildPhase section */
		499EFC0222BFCB6300A10AFD /* Frameworks */ = {
			isa = PBXFrameworksBuildPhase;
			buildActionMask = 2147483647;
			files = (
			);
			runOnlyForDeploymentPostprocessing = 0;
		};
/* End PBXFrameworksBuildPhase section */

/* Begin PBXGroup section */
		499EFBFC22BFCB6300A10AFD = {
			isa = PBXGroup;
			children = (
				499EFC0722BFCB6300A10AFD /* IOSFINAL */,
				499EFC0622BFCB6300A10AFD /* Products */,
			);
			sourceTree = "<group>";
		};
		499EFC0622BFCB6300A10AFD /* Products */ = {
			isa = PBXGroup;
			children = (
				499EFC0522BFCB6300A10AFD /* IOSFINAL.app */,
			);
			name = Products;
			sourceTree = "<group>";
		};
		499EFC0722BFCB6300A10AFD /* IOSFINAL */ = {
			isa = PBXGroup;
			children = (
				499EFC2422BFCF4200A10AFD /* MarvelTableViewController.swift */,
				499EFC0822BFCB6300A10AFD /* AppDelegate.swift */,
				499EFC0A22BFCB6300A10AFD /* ViewController.swift */,
				499EFC0C22BFCB6300A10AFD /* Main.storyboard */,
				49C262B722C26370006D810F /* LoverTableViewController.swift */,
				49C262B922C263B1006D810F /* LoverTableViewCell.swift */,
				49C262BB22C26412006D810F /* Lover.swift */,
				49C262BF22C26831006D810F /* EditLoverTableViewController.swift */,
				499EFC1A22BFCD5F00A10AFD /* MarvelCollectionViewCell.swift */,
				499EFC1C22BFCE0B00A10AFD /* MarvelimageCollectionViewController.swift */,
				499EFC2022BFCEB700A10AFD /* heroDetailViewController.swift */,
				499EFC2222BFCEE300A10AFD /* Marvelhero.swift */,
				499EFC0F22BFCB6300A10AFD /* Assets.xcassets */,
				499EFC1122BFCB6300A10AFD /* LaunchScreen.storyboard */,
				499EFC1422BFCB6300A10AFD /* Info.plist */,
			);
			path = IOSFINAL;
			sourceTree = "<group>";
		};
/* End PBXGroup section */

/* Begin PBXNativeTarget section */
		499EFC0422BFCB6300A10AFD /* IOSFINAL */ = {
			isa = PBXNativeTarget;
			buildConfigurationList = 499EFC1722BFCB6300A10AFD /* Build configuration list for PBXNativeTarget "IOSFINAL" */;
			buildPhases = (
				499EFC0122BFCB6300A10AFD /* Sources */,
				499EFC0222BFCB6300A10AFD /* Frameworks */,
				499EFC0322BFCB6300A10AFD /* Resources */,
			);
			buildRules = (
			);
			dependencies = (
			);
			name = IOSFINAL;
			productName = IOSFINAL;
			productReference = 499EFC0522BFCB6300A10AFD /* IOSFINAL.app */;
			productType = "com.apple.product-type.application";
		};
/* End PBXNativeTarget section */

/* Begin PBXProject section */
		499EFBFD22BFCB6300A10AFD /* Project object */ = {
			isa = PBXProject;
			attributes = {
				LastSwiftUpdateCheck = 1020;
				LastUpgradeCheck = 1020;
				ORGANIZATIONNAME = User16;
				TargetAttributes = {
					499EFC0422BFCB6300A10AFD = {
						CreatedOnToolsVersion = 10.2.1;
					};
				};
			};
			buildConfigurationList = 499EFC0022BFCB6300A10AFD /* Build configuration list for PBXProject "IOSFINAL" */;
			compatibilityVersion = "Xcode 9.3";
			developmentRegion = en;
			hasScannedForEncodings = 0;
			knownRegions = (
				en,
				Base,
			);
			mainGroup = 499EFBFC22BFCB6300A10AFD;
			productRefGroup = 499EFC0622BFCB6300A10AFD /* Products */;
			projectDirPath = "";
			projectRoot = "";
			targets = (
				499EFC0422BFCB6300A10AFD /* IOSFINAL */,
			);
		};
/* End PBXProject section */

/* Begin PBXResourcesBuildPhase section */
		499EFC0322BFCB6300A10AFD /* Resources */ = {
			isa = PBXResourcesBuildPhase;
			buildActionMask = 2147483647;
			files = (
				499EFC1322BFCB6300A10AFD /* LaunchScreen.storyboard in Resources */,
				499EFC1022BFCB6300A10AFD /* Assets.xcassets in Resources */,
				499EFC0E22BFCB6300A10AFD /* Main.storyboard in Resources */,
			);
			runOnlyForDeploymentPostprocessing = 0;
		};
/* End PBXResourcesBuildPhase section */

/* Begin PBXSourcesBuildPhase section */
		499EFC0122BFCB6300A10AFD /* Sources */ = {
			isa = PBXSourcesBuildPhase;
			buildActionMask = 2147483647;
			files = (
				49C262BC22C26412006D810F /* Lover.swift in Sources */,
				49C262B822C26370006D810F /* LoverTableViewController.swift in Sources */,
				49C262C022C26831006D810F /* EditLoverTableViewController.swift in Sources */,
				499EFC2122BFCEB700A10AFD /* heroDetailViewController.swift in Sources */,
				499EFC0B22BFCB6300A10AFD /* ViewController.swift in Sources */,
				499EFC2522BFCF4200A10AFD /* MarvelTableViewController.swift in Sources */,
				499EFC1D22BFCE0B00A10AFD /* MarvelimageCollectionViewController.swift in Sources */,
				499EFC2322BFCEE300A10AFD /* Marvelhero.swift in Sources */,
				49C262BA22C263B1006D810F /* LoverTableViewCell.swift in Sources */,
				499EFC1B22BFCD5F00A10AFD /* MarvelCollectionViewCell.swift in Sources */,
				499EFC0922BFCB6300A10AFD /* AppDelegate.swift in Sources */,
			);
			runOnlyForDeploymentPostprocessing = 0;
		};
/* End PBXSourcesBuildPhase section */

/* Begin PBXVariantGroup section */
		499EFC0C22BFCB6300A10AFD /* Main.storyboard */ = {
			isa = PBXVariantGroup;
			children = (
				499EFC0D22BFCB6300A10AFD /* Base */,
			);
			name = Main.storyboard;
			sourceTree = "<group>";
		};
		499EFC1122BFCB6300A10AFD /* LaunchScreen.storyboard */ = {
			isa = PBXVariantGroup;
			children = (
				499EFC1222BFCB6300A10AFD /* Base */,
			);
			name = LaunchScreen.storyboard;
			sourceTree = "<group>";
		};
/* End PBXVariantGroup section */

/* Begin XCBuildConfiguration section */
		499EFC1522BFCB6300A10AFD /* Debug */ = {
			isa = XCBuildConfiguration;
			buildSettings = {
				ALWAYS_SEARCH_USER_PATHS = NO;
				CLANG_ANALYZER_NONNULL = YES;
				CLANG_ANALYZER_NUMBER_OBJECT_CONVERSION = YES_AGGRESSIVE;
				CLANG_CXX_LANGUAGE_STANDARD = "gnu++14";
				CLANG_CXX_LIBRARY = "libc++";
				CLANG_ENABLE_MODULES = YES;
				CLANG_ENABLE_OBJC_ARC = YES;
				CLANG_ENABLE_OBJC_WEAK = YES;
				CLANG_WARN_BLOCK_CAPTURE_AUTORELEASING = YES;
				CLANG_WARN_BOOL_CONVERSION = YES;
				CLANG_WARN_COMMA = YES;
				CLANG_WARN_CONSTANT_CONVERSION = YES;
				CLANG_WARN_DEPRECATED_OBJC_IMPLEMENTATIONS = YES;
				CLANG_WARN_DIRECT_OBJC_ISA_USAGE = YES_ERROR;
				CLANG_WARN_DOCUMENTATION_COMMENTS = YES;
				CLANG_WARN_EMPTY_BODY = YES;
				CLANG_WARN_ENUM_CONVERSION = YES;
				CLANG_WARN_INFINITE_RECURSION = YES;
				CLANG_WARN_INT_CONVERSION = YES;
				CLANG_WARN_NON_LITERAL_NULL_CONVERSION = YES;
				CLANG_WARN_OBJC_IMPLICIT_RETAIN_SELF = YES;
				CLANG_WARN_OBJC_LITERAL_CONVERSION = YES;
				CLANG_WARN_OBJC_ROOT_CLASS = YES_ERROR;
				CLANG_WARN_RANGE_LOOP_ANALYSIS = YES;
				CLANG_WARN_STRICT_PROTOTYPES = YES;
				CLANG_WARN_SUSPICIOUS_MOVE = YES;
				CLANG_WARN_UNGUARDED_AVAILABILITY = YES_AGGRESSIVE;
				CLANG_WARN_UNREACHABLE_CODE = YES;
				CLANG_WARN__DUPLICATE_METHOD_MATCH = YES;
				CODE_SIGN_IDENTITY = "iPhone Developer";
				COPY_PHASE_STRIP = NO;
				DEBUG_INFORMATION_FORMAT = dwarf;
				ENABLE_STRICT_OBJC_MSGSEND = YES;
				ENABLE_TESTABILITY = YES;
				GCC_C_LANGUAGE_STANDARD = gnu11;
				GCC_DYNAMIC_NO_PIC = NO;
				GCC_NO_COMMON_BLOCKS = YES;
				GCC_OPTIMIZATION_LEVEL = 0;
				GCC_PREPROCESSOR_DEFINITIONS = (
					"DEBUG=1",
					"$(inherited)",
				);
				GCC_WARN_64_TO_32_BIT_CONVERSION = YES;
				GCC_WARN_ABOUT_RETURN_TYPE = YES_ERROR;
				GCC_WARN_UNDECLARED_SELECTOR = YES;
				GCC_WARN_UNINITIALIZED_AUTOS = YES_AGGRESSIVE;
				GCC_WARN_UNUSED_FUNCTION = YES;
				GCC_WARN_UNUSED_VARIABLE = YES;
				IPHONEOS_DEPLOYMENT_TARGET = 12.2;
				MTL_ENABLE_DEBUG_INFO = INCLUDE_SOURCE;
				MTL_FAST_MATH = YES;
				ONLY_ACTIVE_ARCH = YES;
				SDKROOT = iphoneos;
				SWIFT_ACTIVE_COMPILATION_CONDITIONS = DEBUG;
				SWIFT_OPTIMIZATION_LEVEL = "-Onone";
			};
			name = Debug;
		};
		499EFC1622BFCB6300A10AFD /* Release */ = {
			isa = XCBuildConfiguration;
			buildSettings = {
				ALWAYS_SEARCH_USER_PATHS = NO;
				CLANG_ANALYZER_NONNULL = YES;
				CLANG_ANALYZER_NUMBER_OBJECT_CONVERSION = YES_AGGRESSIVE;
				CLANG_CXX_LANGUAGE_STANDARD = "gnu++14";
				CLANG_CXX_LIBRARY = "libc++";
				CLANG_ENABLE_MODULES = YES;
				CLANG_ENABLE_OBJC_ARC = YES;
				CLANG_ENABLE_OBJC_WEAK = YES;
				CLANG_WARN_BLOCK_CAPTURE_AUTORELEASING = YES;
				CLANG_WARN_BOOL_CONVERSION = YES;
				CLANG_WARN_COMMA = YES;
				CLANG_WARN_CONSTANT_CONVERSION = YES;
				CLANG_WARN_DEPRECATED_OBJC_IMPLEMENTATIONS = YES;
				CLANG_WARN_DIRECT_OBJC_ISA_USAGE = YES_ERROR;
				CLANG_WARN_DOCUMENTATION_COMMENTS = YES;
				CLANG_WARN_EMPTY_BODY = YES;
				CLANG_WARN_ENUM_CONVERSION = YES;
				CLANG_WARN_INFINITE_RECURSION = YES;
				CLANG_WARN_INT_CONVERSION = YES;
				CLANG_WARN_NON_LITERAL_NULL_CONVERSION = YES;
				CLANG_WARN_OBJC_IMPLICIT_RETAIN_SELF = YES;
				CLANG_WARN_OBJC_LITERAL_CONVERSION = YES;
				CLANG_WARN_OBJC_ROOT_CLASS = YES_ERROR;
				CLANG_WARN_RANGE_LOOP_ANALYSIS = YES;
				CLANG_WARN_STRICT_PROTOTYPES = YES;
				CLANG_WARN_SUSPICIOUS_MOVE = YES;
				CLANG_WARN_UNGUARDED_AVAILABILITY = YES_AGGRESSIVE;
				CLANG_WARN_UNREACHABLE_CODE = YES;
				CLANG_WARN__DUPLICATE_METHOD_MATCH = YES;
				CODE_SIGN_IDENTITY = "iPhone Developer";
				COPY_PHASE_STRIP = NO;
				DEBUG_INFORMATION_FORMAT = "dwarf-with-dsym";
				ENABLE_NS_ASSERTIONS = NO;
				ENABLE_STRICT_OBJC_MSGSEND = YES;
				GCC_C_LANGUAGE_STANDARD = gnu11;
				GCC_NO_COMMON_BLOCKS = YES;
				GCC_WARN_64_TO_32_BIT_CONVERSION = YES;
				GCC_WARN_ABOUT_RETURN_TYPE = YES_ERROR;
				GCC_WARN_UNDECLARED_SELECTOR = YES;
				GCC_WARN_UNINITIALIZED_AUTOS = YES_AGGRESSIVE;
				GCC_WARN_UNUSED_FUNCTION = YES;
				GCC_WARN_UNUSED_VARIABLE = YES;
				IPHONEOS_DEPLOYMENT_TARGET = 12.2;
				MTL_ENABLE_DEBUG_INFO = NO;
				MTL_FAST_MATH = YES;
				SDKROOT = iphoneos;
				SWIFT_COMPILATION_MODE = wholemodule;
				SWIFT_OPTIMIZATION_LEVEL = "-O";
				VALIDATE_PRODUCT = YES;
			};
			name = Release;
		};
		499EFC1822BFCB6300A10AFD /* Debug */ = {
			isa = XCBuildConfiguration;
			buildSettings = {
				ASSETCATALOG_COMPILER_APPICON_NAME = AppIcon;
				CODE_SIGN_STYLE = Automatic;
				INFOPLIST_FILE = IOSFINAL/Info.plist;
				LD_RUNPATH_SEARCH_PATHS = (
					"$(inherited)",
					"@executable_path/Frameworks",
				);
				PRODUCT_BUNDLE_IDENTIFIER = com.vv.IOSFINAL;
				PRODUCT_NAME = "$(TARGET_NAME)";
				SWIFT_VERSION = 5.0;
				TARGETED_DEVICE_FAMILY = "1,2";
			};
			name = Debug;
		};
		499EFC1922BFCB6300A10AFD /* Release */ = {
			isa = XCBuildConfiguration;
			buildSettings = {
				ASSETCATALOG_COMPILER_APPICON_NAME = AppIcon;
				CODE_SIGN_STYLE = Automatic;
				INFOPLIST_FILE = IOSFINAL/Info.plist;
				LD_RUNPATH_SEARCH_PATHS = (
					"$(inherited)",
					"@executable_path/Frameworks",
				);
				PRODUCT_BUNDLE_IDENTIFIER = com.vv.IOSFINAL;
				PRODUCT_NAME = "$(TARGET_NAME)";
				SWIFT_VERSION = 5.0;
				TARGETED_DEVICE_FAMILY = "1,2";
			};
			name = Release;
		};
/* End XCBuildConfiguration section */

/* Begin XCConfigurationList section */
		499EFC0022BFCB6300A10AFD /* Build configuration list for PBXProject "IOSFINAL" */ = {
			isa = XCConfigurationList;
			buildConfigurations = (
				499EFC1522BFCB6300A10AFD /* Debug */,
				499EFC1622BFCB6300A10AFD /* Release */,
			);
			defaultConfigurationIsVisible = 0;
			defaultConfigurationName = Release;
		};
		499EFC1722BFCB6300A10AFD /* Build configuration list for PBXNativeTarget "IOSFINAL" */ = {
			isa = XCConfigurationList;
			buildConfigurations = (
				499EFC1822BFCB6300A10AFD /* Debug */,
				499EFC1922BFCB6300A10AFD /* Release */,
			);
			defaultConfigurationIsVisible = 0;
			defaultConfigurationName = Release;
		};
/* End XCConfigurationList section */
	};
	rootObject = 499EFBFD22BFCB6300A10AFD /* Project object */;
}
